
Microsoft Visual Studio Solution File, Format Version 12.00
# Visual Studio Version 17
VisualStudioVersion = 17.10.35013.160
MinimumVisualStudioVersion = 10.0.40219.1
Project("{9A19103F-16F7-4668-BE54-9A1E7A4F7556}") = "BookStore", "BookStore\BookStore.csproj", "{741A0AD1-A127-4C06-BE34-86605DB9A5B5}"
EndProject
Project("{FAE04EC0-301F-11D3-BF4B-00C04F79EFBC}") = "BookStore.DataAccess", "BookStore.DataAccess\BookStore.DataAccess.csproj", "{384C7333-9157-4F71-8DC5-CAC03D44956B}"
EndProject
Project("{FAE04EC0-301F-11D3-BF4B-00C04F79EFBC}") = "BookStore.Models", "BookStore.Models\BookStore.Models.csproj", "{67729D49-FA94-4B72-BA8A-44D61AAC9DCC}"
EndProject
Project("{FAE04EC0-301F-11D3-BF4B-00C04F79EFBC}") = "BookStore.Utility", "BookStore.Utility\BookStore.Utility.csproj", "{DE6F06B6-8E4E-487C-B224-3BF7CCA5D966}"
EndProject
Global
	GlobalSection(SolutionConfigurationPlatforms) = preSolution
		Debug|Any CPU = Debug|Any CPU
		Release|Any CPU = Release|Any CPU
	EndGlobalSection
	GlobalSection(ProjectConfigurationPlatforms) = postSolution
		{741A0AD1-A127-4C06-BE34-86605DB9A5B5}.Debug|Any CPU.ActiveCfg = Debug|Any CPU
		{741A0AD1-A127-4C06-BE34-86605DB9A5B5}.Debug|Any CPU.Build.0 = Debug|Any CPU
		{741A0AD1-A127-4C06-BE34-86605DB9A5B5}.Release|Any CPU.ActiveCfg = Release|Any CPU
		{741A0AD1-A127-4C06-BE34-86605DB9A5B5}.Release|Any CPU.Build.0 = Release|Any CPU
		{384C7333-9157-4F71-8DC5-CAC03D44956B}.Debug|Any CPU.ActiveCfg = Debug|Any CPU
		{384C7333-9157-4F71-8DC5-CAC03D44956B}.Debug|Any CPU.Build.0 = Debug|Any CPU
		{384C7333-9157-4F71-8DC5-CAC03D44956B}.Release|Any CPU.ActiveCfg = Release|Any CPU
		{384C7333-9157-4F71-8DC5-CAC03D44956B}.Release|Any CPU.Build.0 = Release|Any CPU
		{67729D49-FA94-4B72-BA8A-44D61AAC9DCC}.Debug|Any CPU.ActiveCfg = Debug|Any CPU
		{67729D49-FA94-4B72-BA8A-44D61AAC9DCC}.Debug|Any CPU.Build.0 = Debug|Any CPU
		{67729D49-FA94-4B72-BA8A-44D61AAC9DCC}.Release|Any CPU.ActiveCfg = Release|Any CPU
		{67729D49-FA94-4B72-BA8A-44D61AAC9DCC}.Release|Any CPU.Build.0 = Release|Any CPU
		{DE6F06B6-8E4E-487C-B224-3BF7CCA5D966}.Debug|Any CPU.ActiveCfg = Debug|Any CPU
		{DE6F06B6-8E4E-487C-B224-3BF7CCA5D966}.Debug|Any CPU.Build.0 = Debug|Any CPU
		{DE6F06B6-8E4E-487C-B224-3BF7CCA5D966}.Release|Any CPU.ActiveCfg = Release|Any CPU
		{DE6F06B6-8E4E-487C-B224-3BF7CCA5D966}.Release|Any CPU.Build.0 = Release|Any CPU
	EndGlobalSection
	GlobalSection(SolutionProperties) = preSolution
		HideSolutionNode = FALSE
	EndGlobalSection
	GlobalSection(ExtensibilityGlobals) = postSolution
		SolutionGuid = {469FA7B7-D942-4713-8DF9-D5EB30F9BB9D}
	EndGlobalSection
EndGlobal
